
Microsoft Visual Studio Solution File, Format Version 12.00
# Visual Studio 15
VisualStudioVersion = 15.0.27703.2026
MinimumVisualStudioVersion = 10.0.40219.1
Project("{FAE04EC0-301F-11D3-BF4B-00C04F79EFBC}") = "Littlehobby", "Littlehobby\Littlehobby.csproj", "{CEC97874-BFAF-4823-8D00-51990DF192D3}"
EndProject
Project("{FAE04EC0-301F-11D3-BF4B-00C04F79EFBC}") = "Web", "Web\Web.csproj", "{F234DDB1-062A-4348-879E-1959737F483A}"
EndProject
Global
	GlobalSection(SolutionConfigurationPlatforms) = preSolution
		Debug|Any CPU = Debug|Any CPU
		Release|Any CPU = Release|Any CPU
	EndGlobalSection
	GlobalSection(ProjectConfigurationPlatforms) = postSolution
		{CEC97874-BFAF-4823-8D00-51990DF192D3}.Debug|Any CPU.ActiveCfg = Debug|Any CPU
		{CEC97874-BFAF-4823-8D00-51990DF192D3}.Debug|Any CPU.Build.0 = Debug|Any CPU
		{CEC97874-BFAF-4823-8D00-51990DF192D3}.Release|Any CPU.ActiveCfg = Release|Any CPU
		{CEC97874-BFAF-4823-8D00-51990DF192D3}.Release|Any CPU.Build.0 = Release|Any CPU
		{F234DDB1-062A-4348-879E-1959737F483A}.Debug|Any CPU.ActiveCfg = Debug|Any CPU
		{F234DDB1-062A-4348-879E-1959737F483A}.Debug|Any CPU.Build.0 = Debug|Any CPU
		{F234DDB1-062A-4348-879E-1959737F483A}.Release|Any CPU.ActiveCfg = Release|Any CPU
		{F234DDB1-062A-4348-879E-1959737F483A}.Release|Any CPU.Build.0 = Release|Any CPU
	EndGlobalSection
	GlobalSection(SolutionProperties) = preSolution
		HideSolutionNode = FALSE
	EndGlobalSection
	GlobalSection(ExtensibilityGlobals) = postSolution
		SolutionGuid = {65D8E7EC-F1C4-4A62-AAC1-0D0C9E2883E9}
	EndGlobalSection
EndGlobal
